{
  "name": "cmelectricals_website",
  "version": "1.0.0",
  "lockfileVersion": 2,
  "requires": true,
  "packages": {
    "": {
      "name": "cmelectricals_website",
      "version": "1.0.0",
      "license": "ISC",
      "dependencies": {
        "axios": "^0.21.1",
        "pnotify": "^5.2.0",
        "react-alert": "^7.0.3",
        "react-alert-template-basic": "^1.0.2"
      }
    },
    "node_modules/@babel/runtime": {
      "version": "7.23.1",
      "resolved": "https://registry.npmjs.org/@babel/runtime/-/runtime-7.23.1.tgz",
      "integrity": "sha512-hC2v6p8ZSI/W0HUzh3V8C5g+NwSKzKPtJwSpTjwl0o297GP9+ZLQSkdvHz46CM3LqyoXxq+5G9komY+eSqSO0g==",
      "dependencies": {
        "regenerator-runtime": "^0.14.0"
      },
      "engines": {
        "node": ">=6.9.0"
      }
    },
    "node_modules/@fortawesome/fontawesome-common-types": {
      "version": "0.2.36",
      "resolved": "https://registry.npmjs.org/@fortawesome/fontawesome-common-types/-/fontawesome-common-types-0.2.36.tgz",
      "integrity": "sha512-a/7BiSgobHAgBWeN7N0w+lAhInrGxksn13uK7231n2m8EDPE3BMCl9NZLTGrj9ZXfCmC6LM0QLqXidIizVQ6yg==",
      "hasInstallScript": true,
      "peer": true,
      "engines": {
        "node": ">=6"
      }
    },
    "node_modules/@fortawesome/free-solid-svg-icons": {
      "version": "5.15.4",
      "resolved": "https://registry.npmjs.org/@fortawesome/free-solid-svg-icons/-/free-solid-svg-icons-5.15.4.tgz",
      "integrity": "sha512-JLmQfz6tdtwxoihXLg6lT78BorrFyCf59SAwBM6qV/0zXyVeDygJVb3fk+j5Qat+Yvcxp1buLTY5iDh1ZSAQ8w==",
      "hasInstallScript": true,
      "peer": true,
      "dependencies": {
        "@fortawesome/fontawesome-common-types": "^0.2.36"
      },
      "engines": {
        "node": ">=6"
      }
    },
    "node_modules/@pnotify/animate": {
      "version": "5.2.0",
      "resolved": "https://registry.npmjs.org/@pnotify/animate/-/animate-5.2.0.tgz",
      "integrity": "sha512-vVkf4e5HbabA5BJSzq7NxO6OQuGfWqH8HrWsiNwwpG6S0QRIUFeaazeKlVBFoNB/5YScP9kfNQUTNW/WSf/R9g==",
      "dependencies": {
        "@pnotify/core": "^5.2.0"
      },
      "peerDependencies": {
        "animate.css": "^3.7.2"
      }
    },
    "node_modules/@pnotify/bootstrap3": {
      "version": "5.2.0",
      "resolved": "https://registry.npmjs.org/@pnotify/bootstrap3/-/bootstrap3-5.2.0.tgz",
      "integrity": "sha512-x+dgybTPFi7KuDiwx407iI2RiJTqk9OyZvXa4cO4lPFHxLqmrxSgTwUjCagdRYizXyXIdKI3VfF86pubPfq3cQ==",
      "dependencies": {
        "@pnotify/core": "^5.2.0"
      },
      "peerDependencies": {
        "bootstrap": "^3.4.1"
      }
    },
    "node_modules/@pnotify/confirm": {
      "version": "5.2.0",
      "resolved": "https://registry.npmjs.org/@pnotify/confirm/-/confirm-5.2.0.tgz",
      "integrity": "sha512-lGiuPu2arjdysjQVrAMLZxGcP3T6+5U5MVzVmA8SjVl9L67mIqcg7EzW1YNwNQynnXVOyWrTLHaI3LeCe2ixag==",
      "dependencies": {
        "@pnotify/core": "^5.2.0"
      }
    },
    "node_modules/@pnotify/core": {
      "version": "5.2.0",
      "resolved": "https://registry.npmjs.org/@pnotify/core/-/core-5.2.0.tgz",
      "integrity": "sha512-d9ZM7Q6ZxuwTJ14QbOa7pWmoUqObPis7S1K+TzISffrL8w2f7JigEPI281agLShVAMIsE5SsC6O9YhkutwekbA=="
    },
    "node_modules/@pnotify/countdown": {
      "version": "5.2.0",
      "resolved": "https://registry.npmjs.org/@pnotify/countdown/-/countdown-5.2.0.tgz",
      "integrity": "sha512-yl2azfUCvx2syJ4BPxYN2EAp07XxNDUHMMR7DsC3X8FhEfWk2+hguyVZRVPlaONU21zrzlCNVRVOapB7uHBFgA==",
      "dependencies": {
        "@pnotify/core": "^5.2.0"
      }
    },
    "node_modules/@pnotify/desktop": {
      "version": "5.2.0",
      "resolved": "https://registry.npmjs.org/@pnotify/desktop/-/desktop-5.2.0.tgz",
      "integrity": "sha512-pJ5wBpZWoALO6H7lh04euS9UDQ6b/ZkJXkIP90GhzeeW5drPNKJRCLnLnDGvGCdxnH7ZkXoL9Ez+KtL0V6+joA==",
      "dependencies": {
        "@pnotify/core": "^5.2.0"
      }
    },
    "node_modules/@pnotify/font-awesome4": {
      "version": "5.2.0",
      "resolved": "https://registry.npmjs.org/@pnotify/font-awesome4/-/font-awesome4-5.2.0.tgz",
      "integrity": "sha512-meUjDUXWQfRai1jCmC9fb632dLnXauDZ90Bg8kO8KPIhGRAKHg+eRj+Tp3DbiWF5whqOvx0Ig9x6OCExqC+9Yg==",
      "dependencies": {
        "@pnotify/core": "^5.2.0"
      },
      "peerDependencies": {
        "font-awesome": "^4.7.0"
      }
    },
    "node_modules/@pnotify/font-awesome5": {
      "version": "5.2.0",
      "resolved": "https://registry.npmjs.org/@pnotify/font-awesome5/-/font-awesome5-5.2.0.tgz",
      "integrity": "sha512-zeUIQHhaCTfqITcsRFn1c7+RGny1hDt+YevNWNzAnw+D97YrYZPdMTHtjjtskbwMEa0xK+vtr1Jskggz3fqWpg==",
      "dependencies": {
        "@pnotify/core": "^5.2.0"
      },
      "peerDependencies": {
        "@fortawesome/free-solid-svg-icons": "^5.13.0",
        "@pnotify/font-awesome5-fix": "^5.1.0"
      }
    },
    "node_modules/@pnotify/font-awesome5-fix": {
      "version": "5.2.0",
      "resolved": "https://registry.npmjs.org/@pnotify/font-awesome5-fix/-/font-awesome5-fix-5.2.0.tgz",
      "integrity": "sha512-2lnaF/kNqij/Cn533f52wo+8gb3u8BLUn+OJn/hQt3de9BiPXwmqnLlq3f8CGL+nF9QEP9vecnr0z2z17LIDOw==",
      "dependencies": {
        "@pnotify/core": "^5.2.0"
      },
      "peerDependencies": {
        "@fortawesome/free-solid-svg-icons": "^5.13.0"
      }
    },
    "node_modules/@pnotify/glyphicon": {
      "version": "5.2.0",
      "resolved": "https://registry.npmjs.org/@pnotify/glyphicon/-/glyphicon-5.2.0.tgz",
      "integrity": "sha512-e7EYKUNqeIQwsyLeorulGbMzHuraz/cNO5oKf6SRfZahNrGvHDKfJC0we9G2Damq8AlLHAIJU1NlEtLn6ZP/+A==",
      "dependencies": {
        "@pnotify/core": "^5.2.0"
      }
    },
    "node_modules/@pnotify/mobile": {
      "version": "5.2.0",
      "resolved": "https://registry.npmjs.org/@pnotify/mobile/-/mobile-5.2.0.tgz",
      "integrity": "sha512-uu0V7h41Y8UTQA6ZB26PcHU7wHu5nwP/FEmMyimHEpEqhrvkzIRD2CxB7zu9SYp3Jk2NFcJC3NiueO3Kh25CVA==",
      "dependencies": {
        "@pnotify/core": "^5.2.0"
      }
    },
    "node_modules/@pnotify/paginate": {
      "version": "5.2.0",
      "resolved": "https://registry.npmjs.org/@pnotify/paginate/-/paginate-5.2.0.tgz",
      "integrity": "sha512-Pkj6klpquri8UwFyPteEoGIgd/Q6xBJePuGe/TYBo7jmMFOR72ZoFuxkxWlbyoyXZGHpcfaLk8q9zjsspHhnsw==",
      "dependencies": {
        "@pnotify/core": "^5.2.0"
      }
    },
    "node_modules/@pnotify/reference": {
      "version": "5.2.0",
      "resolved": "https://registry.npmjs.org/@pnotify/reference/-/reference-5.2.0.tgz",
      "integrity": "sha512-oPeiS6M9tgwvkQ47vdAzmanIgdVu+n+RaO6/6wrTiJi4zdkuH8PooI8EkHN+IMdpy+EOOJkmPGOvG5Es7pHr0Q==",
      "dependencies": {
        "@pnotify/core": "^5.2.0"
      }
    },
    "node_modules/animate.css": {
      "version": "3.7.2",
      "resolved": "https://registry.npmjs.org/animate.css/-/animate.css-3.7.2.tgz",
      "integrity": "sha512-0bE8zYo7C0KvgOYrSVfrzkbYk6IOTVPNqkiHg2cbyF4Pq/PXzilz4BRWA3hwEUBoMp5VBgrC29lQIZyhRWdBTw==",
      "peer": true
    },
    "node_modules/axios": {
      "version": "0.21.4",
      "resolved": "https://registry.npmjs.org/axios/-/axios-0.21.4.tgz",
      "integrity": "sha512-ut5vewkiu8jjGBdqpM44XxjuCjq9LAKeHVmoVfHVzy8eHgxxq8SbAVQNovDA8mVi05kP0Ea/n/UzcSHcTJQfNg==",
      "dependencies": {
        "follow-redirects": "^1.14.0"
      }
    },
    "node_modules/bootstrap": {
      "version": "3.4.1",
      "resolved": "https://registry.npmjs.org/bootstrap/-/bootstrap-3.4.1.tgz",
      "integrity": "sha512-yN5oZVmRCwe5aKwzRj6736nSmKDX7pLYwsXiCj/EYmo16hODaBiT4En5btW/jhBF/seV+XMx3aYwukYC3A49DA==",
      "peer": true,
      "engines": {
        "node": ">=6"
      }
    },
    "node_modules/csstype": {
      "version": "3.1.2",
      "resolved": "https://registry.npmjs.org/csstype/-/csstype-3.1.2.tgz",
      "integrity": "sha512-I7K1Uu0MBPzaFKg4nI5Q7Vs2t+3gWWW648spaF+Rg7pI9ds18Ugn+lvg4SHczUdKlHI5LWBXyqfS8+DufyBsgQ=="
    },
    "node_modules/dom-helpers": {
      "version": "5.2.1",
      "resolved": "https://registry.npmjs.org/dom-helpers/-/dom-helpers-5.2.1.tgz",
      "integrity": "sha512-nRCa7CK3VTrM2NmGkIy4cbK7IZlgBE/PYMn55rrXefr5xXDP0LdtfPnblFDoVdcAfslJ7or6iqAUnx0CCGIWQA==",
      "dependencies": {
        "@babel/runtime": "^7.8.7",
        "csstype": "^3.0.2"
      }
    },
    "node_modules/follow-redirects": {
      "version": "1.15.2",
      "resolved": "https://registry.npmjs.org/follow-redirects/-/follow-redirects-1.15.2.tgz",
      "integrity": "sha512-VQLG33o04KaQ8uYi2tVNbdrWp1QWxNNea+nmIB4EVM28v0hmP17z7aG1+wAkNzVq4KeXTq3221ye5qTJP91JwA==",
      "funding": [
        {
          "type": "individual",
          "url": "https://github.com/sponsors/RubenVerborgh"
        }
      ],
      "engines": {
        "node": ">=4.0"
      },
      "peerDependenciesMeta": {
        "debug": {
          "optional": true
        }
      }
    },
    "node_modules/font-awesome": {
      "version": "4.7.0",
      "resolved": "https://registry.npmjs.org/font-awesome/-/font-awesome-4.7.0.tgz",
      "integrity": "sha512-U6kGnykA/6bFmg1M/oT9EkFeIYv7JlX3bozwQJWiiLz6L0w3F5vBVPxHlwyX/vtNq1ckcpRKOB9f2Qal/VtFpg==",
      "peer": true,
      "engines": {
        "node": ">=0.10.3"
      }
    },
    "node_modules/jquery": {
      "version": "3.7.1",
      "resolved": "https://registry.npmjs.org/jquery/-/jquery-3.7.1.tgz",
      "integrity": "sha512-m4avr8yL8kmFN8psrbFFFmB/If14iN5o9nw/NgnnM+kybDJpRsAynV2BsfpTYrTRysYUdADVD7CkUUizgkpLfg==",
      "peer": true
    },
    "node_modules/js-tokens": {
      "version": "4.0.0",
      "resolved": "https://registry.npmjs.org/js-tokens/-/js-tokens-4.0.0.tgz",
      "integrity": "sha512-RdJUflcE3cUzKiMqQgsCu06FPu9UdIJO0beYbPhHN4k6apgJtifcoCtT9bcxOpYBtpD2kCM6Sbzg4CausW/PKQ=="
    },
    "node_modules/loose-envify": {
      "version": "1.4.0",
      "resolved": "https://registry.npmjs.org/loose-envify/-/loose-envify-1.4.0.tgz",
      "integrity": "sha512-lyuxPGr/Wfhrlem2CL/UcnUc1zcqKAImBDzukY7Y5F/yQiNdko6+fRLevlw1HgMySw7f611UIY408EtxRSoK3Q==",
      "dependencies": {
        "js-tokens": "^3.0.0 || ^4.0.0"
      },
      "bin": {
        "loose-envify": "cli.js"
      }
    },
    "node_modules/object-assign": {
      "version": "4.1.1",
      "resolved": "https://registry.npmjs.org/object-assign/-/object-assign-4.1.1.tgz",
      "integrity": "sha512-rJgTQnkUnH1sFw8yT6VSU3zD3sWmu6sZhIseY8VX+GRu3P6F7Fu+JNDoXfklElbLJSnc3FUQHVe4cU5hj+BcUg==",
      "engines": {
        "node": ">=0.10.0"
      }
    },
    "node_modules/pnotify": {
      "version": "5.2.0",
      "resolved": "https://registry.npmjs.org/pnotify/-/pnotify-5.2.0.tgz",
      "integrity": "sha512-1Ydx5oMiq+b23HVwmM/v8t97Prq/FmqRPK8RGxDb0c9GzYePFb7DvvUQbtbdghVR6YlcPAfT4P/hEKhT5Ic6xg==",
      "dependencies": {
        "@pnotify/animate": "5.2.0",
        "@pnotify/bootstrap3": "5.2.0",
        "@pnotify/bootstrap4": "5.2.0",
        "@pnotify/confirm": "5.2.0",
        "@pnotify/core": "5.2.0",
        "@pnotify/countdown": "5.2.0",
        "@pnotify/desktop": "5.2.0",
        "@pnotify/font-awesome4": "5.2.0",
        "@pnotify/font-awesome5": "5.2.0",
        "@pnotify/font-awesome5-fix": "5.2.0",
        "@pnotify/glyphicon": "5.2.0",
        "@pnotify/mobile": "5.2.0",
        "@pnotify/paginate": "5.2.0",
        "@pnotify/reference": "5.2.0"
      }
    },
    "node_modules/pnotify/node_modules/@pnotify/bootstrap4": {
      "version": "5.2.0",
      "resolved": "https://registry.npmjs.org/@pnotify/bootstrap4/-/bootstrap4-5.2.0.tgz",
      "integrity": "sha512-yjHCpUEAm64BrgGvrjL4+iPrwRkmVU5hL9khjruImFr29oXlA7dufzK1kIapFKNcUpLmu5izfcWHIfqf3rPBuQ==",
      "dependencies": {
        "@pnotify/core": "^5.2.0"
      },
      "peerDependencies": {
        "bootstrap": "^4.4.1"
      }
    },
    "node_modules/pnotify/node_modules/bootstrap": {
      "version": "4.6.2",
      "resolved": "https://registry.npmjs.org/bootstrap/-/bootstrap-4.6.2.tgz",
      "integrity": "sha512-51Bbp/Uxr9aTuy6ca/8FbFloBUJZLHwnhTcnjIeRn2suQWsWzcuJhGjKDB5eppVte/8oCdOL3VuwxvZDUggwGQ==",
      "funding": [
        {
          "type": "github",
          "url": "https://github.com/sponsors/twbs"
        },
        {
          "type": "opencollective",
          "url": "https://opencollective.com/bootstrap"
        }
      ],
      "peer": true,
      "peerDependencies": {
        "jquery": "1.9.1 - 3",
        "popper.js": "^1.16.1"
      }
    },
    "node_modules/popper.js": {
      "version": "1.16.1",
      "resolved": "https://registry.npmjs.org/popper.js/-/popper.js-1.16.1.tgz",
      "integrity": "sha512-Wb4p1J4zyFTbM+u6WuO4XstYx4Ky9Cewe4DWrel7B0w6VVICvPwdOpotjzcf6eD8TsckVnIMNONQyPIUFOUbCQ==",
      "deprecated": "You can find the new Popper v2 at @popperjs/core, this package is dedicated to the legacy v1",
      "peer": true,
      "funding": {
        "type": "opencollective",
        "url": "https://opencollective.com/popperjs"
      }
    },
    "node_modules/prop-types": {
      "version": "15.8.1",
      "resolved": "https://registry.npmjs.org/prop-types/-/prop-types-15.8.1.tgz",
      "integrity": "sha512-oj87CgZICdulUohogVAR7AjlC0327U4el4L6eAvOqCeudMDVU0NThNaV+b9Df4dXgSP1gXMTnPdhfe/2qDH5cg==",
      "dependencies": {
        "loose-envify": "^1.4.0",
        "object-assign": "^4.1.1",
        "react-is": "^16.13.1"
      }
    },
    "node_modules/react": {
      "version": "17.0.2",
      "resolved": "https://registry.npmjs.org/react/-/react-17.0.2.tgz",
      "integrity": "sha512-gnhPt75i/dq/z3/6q/0asP78D0u592D5L1pd7M8P+dck6Fu/jJeL6iVVK23fptSUZj8Vjf++7wXA8UNclGQcbA==",
      "peer": true,
      "dependencies": {
        "loose-envify": "^1.1.0",
        "object-assign": "^4.1.1"
      },
      "engines": {
        "node": ">=0.10.0"
      }
    },
    "node_modules/react-alert": {
      "version": "7.0.3",
      "resolved": "https://registry.npmjs.org/react-alert/-/react-alert-7.0.3.tgz",
      "integrity": "sha512-cZ2ZhxytECTxljDfBKpQmwWbfJQFzFf2Qf03L/IB5shbEXtWhDD2JjiW60rwmKT1oZoU+GEnUQw5MFM5+f0B6A==",
      "dependencies": {
        "prop-types": "^15.7.2",
        "react-transition-group": "^4.4.1"
      },
      "peerDependencies": {
        "react": "^16.8.1 || ^17",
        "react-dom": "^16.8.1 || ^17"
      }
    },
    "node_modules/react-alert-template-basic": {
      "version": "1.0.2",
      "resolved": "https://registry.npmjs.org/react-alert-template-basic/-/react-alert-template-basic-1.0.2.tgz",
      "integrity": "sha512-nJSIknM5xN/GzKdKkb5/X9zdiLxSqctww3mEouyeR891nUGP8guqFpCGD8vCjFYSZtq8z3tGcAKBG1XjtLHFHQ==",
      "peerDependencies": {
        "react": "^16.2.0 || ^17"
      }
    },
    "node_modules/react-dom": {
      "version": "17.0.2",
      "resolved": "https://registry.npmjs.org/react-dom/-/react-dom-17.0.2.tgz",
      "integrity": "sha512-s4h96KtLDUQlsENhMn1ar8t2bEa+q/YAtj8pPPdIjPDGBDIVNsrD9aXNWqspUe6AzKCIG0C1HZZLqLV7qpOBGA==",
      "peer": true,
      "dependencies": {
        "loose-envify": "^1.1.0",
        "object-assign": "^4.1.1",
        "scheduler": "^0.20.2"
      },
      "peerDependencies": {
        "react": "17.0.2"
      }
    },
    "node_modules/react-is": {
      "version": "16.13.1",
      "resolved": "https://registry.npmjs.org/react-is/-/react-is-16.13.1.tgz",
      "integrity": "sha512-24e6ynE2H+OKt4kqsOvNd8kBpV65zoxbA4BVsEOB3ARVWQki/DHzaUoC5KuON/BiccDaCCTZBuOcfZs70kR8bQ=="
    },
    "node_modules/react-transition-group": {
      "version": "4.4.5",
      "resolved": "https://registry.npmjs.org/react-transition-group/-/react-transition-group-4.4.5.tgz",
      "integrity": "sha512-pZcd1MCJoiKiBR2NRxeCRg13uCXbydPnmB4EOeRrY7480qNWO8IIgQG6zlDkm6uRMsURXPuKq0GWtiM59a5Q6g==",
      "dependencies": {
        "@babel/runtime": "^7.5.5",
        "dom-helpers": "^5.0.1",
        "loose-envify": "^1.4.0",
        "prop-types": "^15.6.2"
      },
      "peerDependencies": {
        "react": ">=16.6.0",
        "react-dom": ">=16.6.0"
      }
    },
    "node_modules/regenerator-runtime": {
      "version": "0.14.0",
      "resolved": "https://registry.npmjs.org/regenerator-runtime/-/regenerator-runtime-0.14.0.tgz",
      "integrity": "sha512-srw17NI0TUWHuGa5CFGGmhfNIeja30WMBfbslPNhf6JrqQlLN5gcrvig1oqPxiVaXb0oW0XRKtH6Nngs5lKCIA=="
    },
    "node_modules/scheduler": {
      "version": "0.20.2",
      "resolved": "https://registry.npmjs.org/scheduler/-/scheduler-0.20.2.tgz",
      "integrity": "sha512-2eWfGgAqqWFGqtdMmcL5zCMK1U8KlXv8SQFGglL3CEtd0aDVDWgeF/YoCmvln55m5zSk3J/20hTaSBeSObsQDQ==",
      "peer": true,
      "dependencies": {
        "loose-envify": "^1.1.0",
        "object-assign": "^4.1.1"
      }
    }
  },
  "dependencies": {
    "@babel/runtime": {
      "version": "7.23.1",
      "resolved": "https://registry.npmjs.org/@babel/runtime/-/runtime-7.23.1.tgz",
      "integrity": "sha512-hC2v6p8ZSI/W0HUzh3V8C5g+NwSKzKPtJwSpTjwl0o297GP9+ZLQSkdvHz46CM3LqyoXxq+5G9komY+eSqSO0g==",
      "requires": {
        "regenerator-runtime": "^0.14.0"
      }
    },
    "@fortawesome/fontawesome-common-types": {
      "version": "0.2.36",
      "resolved": "https://registry.npmjs.org/@fortawesome/fontawesome-common-types/-/fontawesome-common-types-0.2.36.tgz",
      "integrity": "sha512-a/7BiSgobHAgBWeN7N0w+lAhInrGxksn13uK7231n2m8EDPE3BMCl9NZLTGrj9ZXfCmC6LM0QLqXidIizVQ6yg==",
      "peer": true
    },
    "@fortawesome/free-solid-svg-icons": {
      "version": "5.15.4",
      "resolved": "https://registry.npmjs.org/@fortawesome/free-solid-svg-icons/-/free-solid-svg-icons-5.15.4.tgz",
      "integrity": "sha512-JLmQfz6tdtwxoihXLg6lT78BorrFyCf59SAwBM6qV/0zXyVeDygJVb3fk+j5Qat+Yvcxp1buLTY5iDh1ZSAQ8w==",
      "peer": true,
      "requires": {
        "@fortawesome/fontawesome-common-types": "^0.2.36"
      }
    },
    "@pnotify/animate": {
      "version": "5.2.0",
      "resolved": "https://registry.npmjs.org/@pnotify/animate/-/animate-5.2.0.tgz",
      "integrity": "sha512-vVkf4e5HbabA5BJSzq7NxO6OQuGfWqH8HrWsiNwwpG6S0QRIUFeaazeKlVBFoNB/5YScP9kfNQUTNW/WSf/R9g==",
      "requires": {
        "@pnotify/core": "^5.2.0"
      }
    },
    "@pnotify/bootstrap3": {
      "version": "5.2.0",
      "resolved": "https://registry.npmjs.org/@pnotify/bootstrap3/-/bootstrap3-5.2.0.tgz",
      "integrity": "sha512-x+dgybTPFi7KuDiwx407iI2RiJTqk9OyZvXa4cO4lPFHxLqmrxSgTwUjCagdRYizXyXIdKI3VfF86pubPfq3cQ==",
      "requires": {
        "@pnotify/core": "^5.2.0"
      }
    },
    "@pnotify/confirm": {
      "version": "5.2.0",
      "resolved": "https://registry.npmjs.org/@pnotify/confirm/-/confirm-5.2.0.tgz",
      "integrity": "sha512-lGiuPu2arjdysjQVrAMLZxGcP3T6+5U5MVzVmA8SjVl9L67mIqcg7EzW1YNwNQynnXVOyWrTLHaI3LeCe2ixag==",
      "requires": {
        "@pnotify/core": "^5.2.0"
      }
    },
    "@pnotify/core": {
      "version": "5.2.0",
      "resolved": "https://registry.npmjs.org/@pnotify/core/-/core-5.2.0.tgz",
      "integrity": "sha512-d9ZM7Q6ZxuwTJ14QbOa7pWmoUqObPis7S1K+TzISffrL8w2f7JigEPI281agLShVAMIsE5SsC6O9YhkutwekbA=="
    },
    "@pnotify/countdown": {
      "version": "5.2.0",
      "resolved": "https://registry.npmjs.org/@pnotify/countdown/-/countdown-5.2.0.tgz",
      "integrity": "sha512-yl2azfUCvx2syJ4BPxYN2EAp07XxNDUHMMR7DsC3X8FhEfWk2+hguyVZRVPlaONU21zrzlCNVRVOapB7uHBFgA==",
      "requires": {
        "@pnotify/core": "^5.2.0"
      }
    },
    "@pnotify/desktop": {
      "version": "5.2.0",
      "resolved": "https://registry.npmjs.org/@pnotify/desktop/-/desktop-5.2.0.tgz",
      "integrity": "sha512-pJ5wBpZWoALO6H7lh04euS9UDQ6b/ZkJXkIP90GhzeeW5drPNKJRCLnLnDGvGCdxnH7ZkXoL9Ez+KtL0V6+joA==",
      "requires": {
        "@pnotify/core": "^5.2.0"
      }
    },
    "@pnotify/font-awesome4": {
      "version": "5.2.0",
      "resolved": "https://registry.npmjs.org/@pnotify/font-awesome4/-/font-awesome4-5.2.0.tgz",
      "integrity": "sha512-meUjDUXWQfRai1jCmC9fb632dLnXauDZ90Bg8kO8KPIhGRAKHg+eRj+Tp3DbiWF5whqOvx0Ig9x6OCExqC+9Yg==",
      "requires": {
        "@pnotify/core": "^5.2.0"
      }
    },
    "@pnotify/font-awesome5": {
      "version": "5.2.0",
      "resolved": "https://registry.npmjs.org/@pnotify/font-awesome5/-/font-awesome5-5.2.0.tgz",
      "integrity": "sha512-zeUIQHhaCTfqITcsRFn1c7+RGny1hDt+YevNWNzAnw+D97YrYZPdMTHtjjtskbwMEa0xK+vtr1Jskggz3fqWpg==",
      "requires": {
        "@pnotify/core": "^5.2.0"
      }
    },
    "@pnotify/font-awesome5-fix": {
      "version": "5.2.0",
      "resolved": "https://registry.npmjs.org/@pnotify/font-awesome5-fix/-/font-awesome5-fix-5.2.0.tgz",
      "integrity": "sha512-2lnaF/kNqij/Cn533f52wo+8gb3u8BLUn+OJn/hQt3de9BiPXwmqnLlq3f8CGL+nF9QEP9vecnr0z2z17LIDOw==",
      "requires": {
        "@pnotify/core": "^5.2.0"
      }
    },
    "@pnotify/glyphicon": {
      "version": "5.2.0",
      "resolved": "https://registry.npmjs.org/@pnotify/glyphicon/-/glyphicon-5.2.0.tgz",
      "integrity": "sha512-e7EYKUNqeIQwsyLeorulGbMzHuraz/cNO5oKf6SRfZahNrGvHDKfJC0we9G2Damq8AlLHAIJU1NlEtLn6ZP/+A==",
      "requires": {
        "@pnotify/core": "^5.2.0"
      }
    },
    "@pnotify/mobile": {
      "version": "5.2.0",
      "resolved": "https://registry.npmjs.org/@pnotify/mobile/-/mobile-5.2.0.tgz",
      "integrity": "sha512-uu0V7h41Y8UTQA6ZB26PcHU7wHu5nwP/FEmMyimHEpEqhrvkzIRD2CxB7zu9SYp3Jk2NFcJC3NiueO3Kh25CVA==",
      "requires": {
        "@pnotify/core": "^5.2.0"
      }
    },
    "@pnotify/paginate": {
      "version": "5.2.0",
      "resolved": "https://registry.npmjs.org/@pnotify/paginate/-/paginate-5.2.0.tgz",
      "integrity": "sha512-Pkj6klpquri8UwFyPteEoGIgd/Q6xBJePuGe/TYBo7jmMFOR72ZoFuxkxWlbyoyXZGHpcfaLk8q9zjsspHhnsw==",
      "requires": {
        "@pnotify/core": "^5.2.0"
      }
    },
    "@pnotify/reference": {
      "version": "5.2.0",
      "resolved": "https://registry.npmjs.org/@pnotify/reference/-/reference-5.2.0.tgz",
      "integrity": "sha512-oPeiS6M9tgwvkQ47vdAzmanIgdVu+n+RaO6/6wrTiJi4zdkuH8PooI8EkHN+IMdpy+EOOJkmPGOvG5Es7pHr0Q==",
      "requires": {
        "@pnotify/core": "^5.2.0"
      }
    },
    "animate.css": {
      "version": "3.7.2",
      "resolved": "https://registry.npmjs.org/animate.css/-/animate.css-3.7.2.tgz",
      "integrity": "sha512-0bE8zYo7C0KvgOYrSVfrzkbYk6IOTVPNqkiHg2cbyF4Pq/PXzilz4BRWA3hwEUBoMp5VBgrC29lQIZyhRWdBTw==",
      "peer": true
    },
    "axios": {
      "version": "0.21.4",
      "resolved": "https://registry.npmjs.org/axios/-/axios-0.21.4.tgz",
      "integrity": "sha512-ut5vewkiu8jjGBdqpM44XxjuCjq9LAKeHVmoVfHVzy8eHgxxq8SbAVQNovDA8mVi05kP0Ea/n/UzcSHcTJQfNg==",
      "requires": {
        "follow-redirects": "^1.14.0"
      }
    },
    "bootstrap": {
      "version": "3.4.1",
      "resolved": "https://registry.npmjs.org/bootstrap/-/bootstrap-3.4.1.tgz",
      "integrity": "sha512-yN5oZVmRCwe5aKwzRj6736nSmKDX7pLYwsXiCj/EYmo16hODaBiT4En5btW/jhBF/seV+XMx3aYwukYC3A49DA==",
      "peer": true
    },
    "csstype": {
      "version": "3.1.2",
      "resolved": "https://registry.npmjs.org/csstype/-/csstype-3.1.2.tgz",
      "integrity": "sha512-I7K1Uu0MBPzaFKg4nI5Q7Vs2t+3gWWW648spaF+Rg7pI9ds18Ugn+lvg4SHczUdKlHI5LWBXyqfS8+DufyBsgQ=="
    },
    "dom-helpers": {
      "version": "5.2.1",
      "resolved": "https://registry.npmjs.org/dom-helpers/-/dom-helpers-5.2.1.tgz",
      "integrity": "sha512-nRCa7CK3VTrM2NmGkIy4cbK7IZlgBE/PYMn55rrXefr5xXDP0LdtfPnblFDoVdcAfslJ7or6iqAUnx0CCGIWQA==",
      "requires": {
        "@babel/runtime": "^7.8.7",
        "csstype": "^3.0.2"
      }
    },
    "follow-redirects": {
      "version": "1.15.2",
      "resolved": "https://registry.npmjs.org/follow-redirects/-/follow-redirects-1.15.2.tgz",
      "integrity": "sha512-VQLG33o04KaQ8uYi2tVNbdrWp1QWxNNea+nmIB4EVM28v0hmP17z7aG1+wAkNzVq4KeXTq3221ye5qTJP91JwA=="
    },
    "font-awesome": {
      "version": "4.7.0",
      "resolved": "https://registry.npmjs.org/font-awesome/-/font-awesome-4.7.0.tgz",
      "integrity": "sha512-U6kGnykA/6bFmg1M/oT9EkFeIYv7JlX3bozwQJWiiLz6L0w3F5vBVPxHlwyX/vtNq1ckcpRKOB9f2Qal/VtFpg==",
      "peer": true
    },
    "jquery": {
      "version": "3.7.1",
      "resolved": "https://registry.npmjs.org/jquery/-/jquery-3.7.1.tgz",
      "integrity": "sha512-m4avr8yL8kmFN8psrbFFFmB/If14iN5o9nw/NgnnM+kybDJpRsAynV2BsfpTYrTRysYUdADVD7CkUUizgkpLfg==",
      "peer": true
    },
    "js-tokens": {
      "version": "4.0.0",
      "resolved": "https://registry.npmjs.org/js-tokens/-/js-tokens-4.0.0.tgz",
      "integrity": "sha512-RdJUflcE3cUzKiMqQgsCu06FPu9UdIJO0beYbPhHN4k6apgJtifcoCtT9bcxOpYBtpD2kCM6Sbzg4CausW/PKQ=="
    },
    "loose-envify": {
      "version": "1.4.0",
      "resolved": "https://registry.npmjs.org/loose-envify/-/loose-envify-1.4.0.tgz",
      "integrity": "sha512-lyuxPGr/Wfhrlem2CL/UcnUc1zcqKAImBDzukY7Y5F/yQiNdko6+fRLevlw1HgMySw7f611UIY408EtxRSoK3Q==",
      "requires": {
        "js-tokens": "^3.0.0 || ^4.0.0"
      }
    },
    "object-assign": {
      "version": "4.1.1",
      "resolved": "https://registry.npmjs.org/object-assign/-/object-assign-4.1.1.tgz",
      "integrity": "sha512-rJgTQnkUnH1sFw8yT6VSU3zD3sWmu6sZhIseY8VX+GRu3P6F7Fu+JNDoXfklElbLJSnc3FUQHVe4cU5hj+BcUg=="
    },
    "pnotify": {
      "version": "5.2.0",
      "resolved": "https://registry.npmjs.org/pnotify/-/pnotify-5.2.0.tgz",
      "integrity": "sha512-1Ydx5oMiq+b23HVwmM/v8t97Prq/FmqRPK8RGxDb0c9GzYePFb7DvvUQbtbdghVR6YlcPAfT4P/hEKhT5Ic6xg==",
      "requires": {
        "@pnotify/animate": "5.2.0",
        "@pnotify/bootstrap3": "5.2.0",
        "@pnotify/bootstrap4": "5.2.0",
        "@pnotify/confirm": "5.2.0",
        "@pnotify/core": "5.2.0",
        "@pnotify/countdown": "5.2.0",
        "@pnotify/desktop": "5.2.0",
        "@pnotify/font-awesome4": "5.2.0",
        "@pnotify/font-awesome5": "5.2.0",
        "@pnotify/font-awesome5-fix": "5.2.0",
        "@pnotify/glyphicon": "5.2.0",
        "@pnotify/mobile": "5.2.0",
        "@pnotify/paginate": "5.2.0",
        "@pnotify/reference": "5.2.0"
      },
      "dependencies": {
        "@pnotify/bootstrap4": {
          "version": "5.2.0",
          "resolved": "https://registry.npmjs.org/@pnotify/bootstrap4/-/bootstrap4-5.2.0.tgz",
          "integrity": "sha512-yjHCpUEAm64BrgGvrjL4+iPrwRkmVU5hL9khjruImFr29oXlA7dufzK1kIapFKNcUpLmu5izfcWHIfqf3rPBuQ==",
          "requires": {
            "@pnotify/core": "^5.2.0"
          }
        },
        "bootstrap": {
          "version": "4.6.2",
          "resolved": "https://registry.npmjs.org/bootstrap/-/bootstrap-4.6.2.tgz",
          "integrity": "sha512-51Bbp/Uxr9aTuy6ca/8FbFloBUJZLHwnhTcnjIeRn2suQWsWzcuJhGjKDB5eppVte/8oCdOL3VuwxvZDUggwGQ==",
          "peer": true,
          "requires": {}
        }
      }
    },
    "popper.js": {
      "version": "1.16.1",
      "resolved": "https://registry.npmjs.org/popper.js/-/popper.js-1.16.1.tgz",
      "integrity": "sha512-Wb4p1J4zyFTbM+u6WuO4XstYx4Ky9Cewe4DWrel7B0w6VVICvPwdOpotjzcf6eD8TsckVnIMNONQyPIUFOUbCQ==",
      "peer": true
    },
    "prop-types": {
      "version": "15.8.1",
      "resolved": "https://registry.npmjs.org/prop-types/-/prop-types-15.8.1.tgz",
      "integrity": "sha512-oj87CgZICdulUohogVAR7AjlC0327U4el4L6eAvOqCeudMDVU0NThNaV+b9Df4dXgSP1gXMTnPdhfe/2qDH5cg==",
      "requires": {
        "loose-envify": "^1.4.0",
        "object-assign": "^4.1.1",
        "react-is": "^16.13.1"
      }
    },
    "react": {
      "version": "17.0.2",
      "resolved": "https://registry.npmjs.org/react/-/react-17.0.2.tgz",
      "integrity": "sha512-gnhPt75i/dq/z3/6q/0asP78D0u592D5L1pd7M8P+dck6Fu/jJeL6iVVK23fptSUZj8Vjf++7wXA8UNclGQcbA==",
      "peer": true,
      "requires": {
        "loose-envify": "^1.1.0",
        "object-assign": "^4.1.1"
      }
    },
    "react-alert": {
      "version": "7.0.3",
      "resolved": "https://registry.npmjs.org/react-alert/-/react-alert-7.0.3.tgz",
      "integrity": "sha512-cZ2ZhxytECTxljDfBKpQmwWbfJQFzFf2Qf03L/IB5shbEXtWhDD2JjiW60rwmKT1oZoU+GEnUQw5MFM5+f0B6A==",
      "requires": {
        "prop-types": "^15.7.2",
        "react-transition-group": "^4.4.1"
      }
    },
    "react-alert-template-basic": {
      "version": "1.0.2",
      "resolved": "https://registry.npmjs.org/react-alert-template-basic/-/react-alert-template-basic-1.0.2.tgz",
      "integrity": "sha512-nJSIknM5xN/GzKdKkb5/X9zdiLxSqctww3mEouyeR891nUGP8guqFpCGD8vCjFYSZtq8z3tGcAKBG1XjtLHFHQ==",
      "requires": {}
    },
    "react-dom": {
      "version": "17.0.2",
      "resolved": "https://registry.npmjs.org/react-dom/-/react-dom-17.0.2.tgz",
      "integrity": "sha512-s4h96KtLDUQlsENhMn1ar8t2bEa+q/YAtj8pPPdIjPDGBDIVNsrD9aXNWqspUe6AzKCIG0C1HZZLqLV7qpOBGA==",
      "peer": true,
      "requires": {
        "loose-envify": "^1.1.0",
        "object-assign": "^4.1.1",
        "scheduler": "^0.20.2"
      }
    },
    "react-is": {
      "version": "16.13.1",
      "resolved": "https://registry.npmjs.org/react-is/-/react-is-16.13.1.tgz",
      "integrity": "sha512-24e6ynE2H+OKt4kqsOvNd8kBpV65zoxbA4BVsEOB3ARVWQki/DHzaUoC5KuON/BiccDaCCTZBuOcfZs70kR8bQ=="
    },
    "react-transition-group": {
      "version": "4.4.5",
      "resolved": "https://registry.npmjs.org/react-transition-group/-/react-transition-group-4.4.5.tgz",
      "integrity": "sha512-pZcd1MCJoiKiBR2NRxeCRg13uCXbydPnmB4EOeRrY7480qNWO8IIgQG6zlDkm6uRMsURXPuKq0GWtiM59a5Q6g==",
      "requires": {
        "@babel/runtime": "^7.5.5",
        "dom-helpers": "^5.0.1",
        "loose-envify": "^1.4.0",
        "prop-types": "^15.6.2"
      }
    },
    "regenerator-runtime": {
      "version": "0.14.0",
      "resolved": "https://registry.npmjs.org/regenerator-runtime/-/regenerator-runtime-0.14.0.tgz",
      "integrity": "sha512-srw17NI0TUWHuGa5CFGGmhfNIeja30WMBfbslPNhf6JrqQlLN5gcrvig1oqPxiVaXb0oW0XRKtH6Nngs5lKCIA=="
    },
    "scheduler": {
      "version": "0.20.2",
      "resolved": "https://registry.npmjs.org/scheduler/-/scheduler-0.20.2.tgz",
      "integrity": "sha512-2eWfGgAqqWFGqtdMmcL5zCMK1U8KlXv8SQFGglL3CEtd0aDVDWgeF/YoCmvln55m5zSk3J/20hTaSBeSObsQDQ==",
      "peer": true,
      "requires": {
        "loose-envify": "^1.1.0",
        "object-assign": "^4.1.1"
      }
    }
  }
}
